
Microsoft Visual Studio Solution File, Format Version 12.00
# Visual Studio Version 16
VisualStudioVersion = 16.0.29509.3
MinimumVisualStudioVersion = 10.0.40219.1
Project("{FAE04EC0-301F-11D3-BF4B-00C04F79EFBC}") = "Interface", "Interface\Interface.csproj", "{B442D810-CCFB-4645-8EE0-137B1134BF6C}"
EndProject
Global
	GlobalSection(SolutionConfigurationPlatforms) = preSolution
		Debug|Any CPU = Debug|Any CPU
		Release|Any CPU = Release|Any CPU
	EndGlobalSection
	GlobalSection(ProjectConfigurationPlatforms) = postSolution
		{B442D810-CCFB-4645-8EE0-137B1134BF6C}.Debug|Any CPU.ActiveCfg = Debug|Any CPU
		{B442D810-CCFB-4645-8EE0-137B1134BF6C}.Debug|Any CPU.Build.0 = Debug|Any CPU
		{B442D810-CCFB-4645-8EE0-137B1134BF6C}.Release|Any CPU.ActiveCfg = Release|Any CPU
		{B442D810-CCFB-4645-8EE0-137B1134BF6C}.Release|Any CPU.Build.0 = Release|Any CPU
	EndGlobalSection
	GlobalSection(SolutionProperties) = preSolution
		HideSolutionNode = FALSE
	EndGlobalSection
	GlobalSection(ExtensibilityGlobals) = postSolution
		SolutionGuid = {A52A798C-4A2A-40F7-AE4B-CBE3F1338828}
	EndGlobalSection
EndGlobal
